{
  "version": 4,
  "terraform_version": "1.8.5",
  "serial": 272,
  "lineage": "b304f7df-8e34-753c-478a-3fcfe43f95f6",
  "outputs": {},
  "resources": [
    {
      "mode": "managed",
      "type": "azurerm_linux_virtual_machine",
      "name": "vm1",
      "provider": "provider[\"registry.terraform.io/hashicorp/azurerm\"]",
      "instances": [
        {
          "index_key": "production",
          "schema_version": 0,
          "attributes": {
            "additional_capabilities": [],
            "admin_password": null,
            "admin_ssh_key": [
              {
                "public_key": "ssh-rsa AAAAB3NzaC1yc2EAAAADAQABAAABgQDFJksVUK11omfykg4m5stIvl3TuxM5qczieYiAQSahgSFvI/Q330YZJY3lwt3LVknwWTv0mFYc7t38uJGpyA6R1gs41tzq+27EsJ5rXVkUfBJ0gZDtRNgcA9X6okYOtOxTF3unVw5fXTdtIdLuElW+4GKCI4jesdNlE2gpYTWnWB3qh3N5JPgGkGcrB/4buWJ/RZXg0F4MfzfKuflD03AB3RYufVaDQfJ2zeTc29ib0sVMJ7oaeznwaDYEsM6dV+e2KYpM0y/VP/yrnumKv44d8Rtm19t+6A9Gv14KHhJLAXnoFGGq2KW4xe2MCLLcuOnuW1RLTB/MxqmE/FxchJviwdQgEPC6lluKFNuCNaZy4kXTZvXKxFD1LyF9vHWK2w51VHKyh+ELWFa3+a8bN1Zi4Epqp/kKeRl2muZDjE+Oj+W1P9Qf8iKMVR3WHmv7dKrxki2dztbtxvOsZczJw328Am/8hqF51Y5nLDNpyyerlM4flsvLkNcaiU5zvpyigi0= imported-openssh-key",
                "username": "adminuser"
              }
            ],
            "admin_username": "adminuser",
            "allow_extension_operations": true,
            "availability_set_id": "",
            "boot_diagnostics": [],
            "bypass_platform_safety_checks_on_user_schedule_enabled": false,
            "capacity_reservation_group_id": "",
            "computer_name": "vm1-production",
            "custom_data": null,
            "dedicated_host_group_id": "",
            "dedicated_host_id": "",
            "disable_password_authentication": true,
            "disk_controller_type": "",
            "edge_zone": "",
            "encryption_at_host_enabled": false,
            "eviction_policy": "",
            "extensions_time_budget": "PT1H30M",
            "gallery_application": [],
            "id": "/subscriptions/cdff7639-90d6-4894-badd-0dfa21362313/resourceGroups/Clearbank_3/providers/Microsoft.Compute/virtualMachines/vm1-production",
            "identity": [],
            "license_type": "",
            "location": "uksouth",
            "max_bid_price": -1,
            "name": "vm1-production",
            "network_interface_ids": [
              "/subscriptions/cdff7639-90d6-4894-badd-0dfa21362313/resourceGroups/Clearbank_3/providers/Microsoft.Network/networkInterfaces/nic-production-vm1"
            ],
            "os_disk": [
              {
                "caching": "ReadWrite",
                "diff_disk_settings": [],
                "disk_encryption_set_id": "",
                "disk_size_gb": 30,
                "name": "vm1-production_OsDisk_1_37a930f159024efbb4b401fd10893a2d",
                "secure_vm_disk_encryption_set_id": "",
                "security_encryption_type": "",
                "storage_account_type": "Standard_LRS",
                "write_accelerator_enabled": false
              }
            ],
            "os_image_notification": [],
            "patch_assessment_mode": "ImageDefault",
            "patch_mode": "ImageDefault",
            "plan": [],
            "platform_fault_domain": -1,
            "priority": "Regular",
            "private_ip_address": "10.0.1.4",
            "private_ip_addresses": [
              "10.0.1.4"
            ],
            "provision_vm_agent": true,
            "proximity_placement_group_id": "",
            "public_ip_address": "",
            "public_ip_addresses": [],
            "reboot_setting": "",
            "resource_group_name": "Clearbank_3",
            "secret": [],
            "secure_boot_enabled": false,
            "size": "Standard_B1s",
            "source_image_id": "",
            "source_image_reference": [
              {
                "offer": "UbuntuServer",
                "publisher": "Canonical",
                "sku": "18.04-LTS",
                "version": "latest"
              }
            ],
            "tags": null,
            "termination_notification": null,
            "timeouts": null,
            "user_data": "",
            "virtual_machine_id": "283e6c4a-593c-4912-88fe-0d00c253baef",
            "virtual_machine_scale_set_id": "",
            "vm_agent_platform_updates_enabled": false,
            "vtpm_enabled": false,
            "zone": ""
          },
          "sensitive_attributes": [
            [
              {
                "type": "get_attr",
                "value": "admin_password"
              }
            ],
            [
              {
                "type": "get_attr",
                "value": "custom_data"
              }
            ]
          ],
          "private": "eyJlMmJmYjczMC1lY2FhLTExZTYtOGY4OC0zNDM2M2JjN2M0YzAiOnsiY3JlYXRlIjoyNzAwMDAwMDAwMDAwLCJkZWxldGUiOjI3MDAwMDAwMDAwMDAsInJlYWQiOjMwMDAwMDAwMDAwMCwidXBkYXRlIjoyNzAwMDAwMDAwMDAwfX0=",
          "dependencies": [
            "azurerm_network_interface.nic_vm1",
            "azurerm_resource_group.rg",
            "azurerm_subnet.subnet",
            "azurerm_virtual_network.vnet"
          ]
        },
        {
          "index_key": "staging",
          "schema_version": 0,
          "attributes": {
            "additional_capabilities": [],
            "admin_password": null,
            "admin_ssh_key": [
              {
                "public_key": "ssh-rsa AAAAB3NzaC1yc2EAAAADAQABAAABgQDFJksVUK11omfykg4m5stIvl3TuxM5qczieYiAQSahgSFvI/Q330YZJY3lwt3LVknwWTv0mFYc7t38uJGpyA6R1gs41tzq+27EsJ5rXVkUfBJ0gZDtRNgcA9X6okYOtOxTF3unVw5fXTdtIdLuElW+4GKCI4jesdNlE2gpYTWnWB3qh3N5JPgGkGcrB/4buWJ/RZXg0F4MfzfKuflD03AB3RYufVaDQfJ2zeTc29ib0sVMJ7oaeznwaDYEsM6dV+e2KYpM0y/VP/yrnumKv44d8Rtm19t+6A9Gv14KHhJLAXnoFGGq2KW4xe2MCLLcuOnuW1RLTB/MxqmE/FxchJviwdQgEPC6lluKFNuCNaZy4kXTZvXKxFD1LyF9vHWK2w51VHKyh+ELWFa3+a8bN1Zi4Epqp/kKeRl2muZDjE+Oj+W1P9Qf8iKMVR3WHmv7dKrxki2dztbtxvOsZczJw328Am/8hqF51Y5nLDNpyyerlM4flsvLkNcaiU5zvpyigi0= imported-openssh-key",
                "username": "adminuser"
              }
            ],
            "admin_username": "adminuser",
            "allow_extension_operations": true,
            "availability_set_id": "",
            "boot_diagnostics": [],
            "bypass_platform_safety_checks_on_user_schedule_enabled": false,
            "capacity_reservation_group_id": "",
            "computer_name": "vm1-staging",
            "custom_data": null,
            "dedicated_host_group_id": "",
            "dedicated_host_id": "",
            "disable_password_authentication": true,
            "disk_controller_type": "",
            "edge_zone": "",
            "encryption_at_host_enabled": false,
            "eviction_policy": "",
            "extensions_time_budget": "PT1H30M",
            "gallery_application": [],
            "id": "/subscriptions/cdff7639-90d6-4894-badd-0dfa21362313/resourceGroups/Clearbank_2/providers/Microsoft.Compute/virtualMachines/vm1-staging",
            "identity": [],
            "license_type": "",
            "location": "uksouth",
            "max_bid_price": -1,
            "name": "vm1-staging",
            "network_interface_ids": [
              "/subscriptions/cdff7639-90d6-4894-badd-0dfa21362313/resourceGroups/Clearbank_2/providers/Microsoft.Network/networkInterfaces/nic-staging-vm1"
            ],
            "os_disk": [
              {
                "caching": "ReadWrite",
                "diff_disk_settings": [],
                "disk_encryption_set_id": "",
                "disk_size_gb": 30,
                "name": "vm1-staging_OsDisk_1_46691e5159cc4d0bbdab8066924ed8dd",
                "secure_vm_disk_encryption_set_id": "",
                "security_encryption_type": "",
                "storage_account_type": "Standard_LRS",
                "write_accelerator_enabled": false
              }
            ],
            "os_image_notification": [],
            "patch_assessment_mode": "ImageDefault",
            "patch_mode": "ImageDefault",
            "plan": [],
            "platform_fault_domain": -1,
            "priority": "Regular",
            "private_ip_address": "10.0.1.5",
            "private_ip_addresses": [
              "10.0.1.5"
            ],
            "provision_vm_agent": true,
            "proximity_placement_group_id": "",
            "public_ip_address": "",
            "public_ip_addresses": [],
            "reboot_setting": "",
            "resource_group_name": "Clearbank_2",
            "secret": [],
            "secure_boot_enabled": false,
            "size": "Standard_B1s",
            "source_image_id": "",
            "source_image_reference": [
              {
                "offer": "UbuntuServer",
                "publisher": "Canonical",
                "sku": "18.04-LTS",
                "version": "latest"
              }
            ],
            "tags": null,
            "termination_notification": null,
            "timeouts": null,
            "user_data": "",
            "virtual_machine_id": "9951cb10-cc6b-4275-8680-8641e3d7cbad",
            "virtual_machine_scale_set_id": "",
            "vm_agent_platform_updates_enabled": false,
            "vtpm_enabled": false,
            "zone": ""
          },
          "sensitive_attributes": [
            [
              {
                "type": "get_attr",
                "value": "custom_data"
              }
            ],
            [
              {
                "type": "get_attr",
                "value": "admin_password"
              }
            ]
          ],
          "private": "eyJlMmJmYjczMC1lY2FhLTExZTYtOGY4OC0zNDM2M2JjN2M0YzAiOnsiY3JlYXRlIjoyNzAwMDAwMDAwMDAwLCJkZWxldGUiOjI3MDAwMDAwMDAwMDAsInJlYWQiOjMwMDAwMDAwMDAwMCwidXBkYXRlIjoyNzAwMDAwMDAwMDAwfX0=",
          "dependencies": [
            "azurerm_network_interface.nic_vm1",
            "azurerm_resource_group.rg",
            "azurerm_subnet.subnet",
            "azurerm_virtual_network.vnet"
          ]
        },
        {
          "index_key": "test",
          "schema_version": 0,
          "attributes": {
            "additional_capabilities": [],
            "admin_password": null,
            "admin_ssh_key": [
              {
                "public_key": "ssh-rsa AAAAB3NzaC1yc2EAAAADAQABAAABgQDFJksVUK11omfykg4m5stIvl3TuxM5qczieYiAQSahgSFvI/Q330YZJY3lwt3LVknwWTv0mFYc7t38uJGpyA6R1gs41tzq+27EsJ5rXVkUfBJ0gZDtRNgcA9X6okYOtOxTF3unVw5fXTdtIdLuElW+4GKCI4jesdNlE2gpYTWnWB3qh3N5JPgGkGcrB/4buWJ/RZXg0F4MfzfKuflD03AB3RYufVaDQfJ2zeTc29ib0sVMJ7oaeznwaDYEsM6dV+e2KYpM0y/VP/yrnumKv44d8Rtm19t+6A9Gv14KHhJLAXnoFGGq2KW4xe2MCLLcuOnuW1RLTB/MxqmE/FxchJviwdQgEPC6lluKFNuCNaZy4kXTZvXKxFD1LyF9vHWK2w51VHKyh+ELWFa3+a8bN1Zi4Epqp/kKeRl2muZDjE+Oj+W1P9Qf8iKMVR3WHmv7dKrxki2dztbtxvOsZczJw328Am/8hqF51Y5nLDNpyyerlM4flsvLkNcaiU5zvpyigi0= imported-openssh-key",
                "username": "adminuser"
              }
            ],
            "admin_username": "adminuser",
            "allow_extension_operations": true,
            "availability_set_id": "",
            "boot_diagnostics": [],
            "bypass_platform_safety_checks_on_user_schedule_enabled": false,
            "capacity_reservation_group_id": "",
            "computer_name": "vm1-test",
            "custom_data": null,
            "dedicated_host_group_id": "",
            "dedicated_host_id": "",
            "disable_password_authentication": true,
            "disk_controller_type": "",
            "edge_zone": "",
            "encryption_at_host_enabled": false,
            "eviction_policy": "",
            "extensions_time_budget": "PT1H30M",
            "gallery_application": [],
            "id": "/subscriptions/cdff7639-90d6-4894-badd-0dfa21362313/resourceGroups/Clearbank_1/providers/Microsoft.Compute/virtualMachines/vm1-test",
            "identity": [],
            "license_type": "",
            "location": "uksouth",
            "max_bid_price": -1,
            "name": "vm1-test",
            "network_interface_ids": [
              "/subscriptions/cdff7639-90d6-4894-badd-0dfa21362313/resourceGroups/Clearbank_1/providers/Microsoft.Network/networkInterfaces/nic-test-vm1"
            ],
            "os_disk": [
              {
                "caching": "ReadWrite",
                "diff_disk_settings": [],
                "disk_encryption_set_id": "",
                "disk_size_gb": 30,
                "name": "vm1-test_OsDisk_1_f65057d48cba40c7a69c41701ea2cb95",
                "secure_vm_disk_encryption_set_id": "",
                "security_encryption_type": "",
                "storage_account_type": "Standard_LRS",
                "write_accelerator_enabled": false
              }
            ],
            "os_image_notification": [],
            "patch_assessment_mode": "ImageDefault",
            "patch_mode": "ImageDefault",
            "plan": [],
            "platform_fault_domain": -1,
            "priority": "Regular",
            "private_ip_address": "10.0.1.5",
            "private_ip_addresses": [
              "10.0.1.5"
            ],
            "provision_vm_agent": true,
            "proximity_placement_group_id": "",
            "public_ip_address": "",
            "public_ip_addresses": [],
            "reboot_setting": "",
            "resource_group_name": "Clearbank_1",
            "secret": [],
            "secure_boot_enabled": false,
            "size": "Standard_B1s",
            "source_image_id": "",
            "source_image_reference": [
              {
                "offer": "UbuntuServer",
                "publisher": "Canonical",
                "sku": "18.04-LTS",
                "version": "latest"
              }
            ],
            "tags": null,
            "termination_notification": null,
            "timeouts": null,
            "user_data": "",
            "virtual_machine_id": "75c83146-040e-4b12-9c6e-60f6db3a4217",
            "virtual_machine_scale_set_id": "",
            "vm_agent_platform_updates_enabled": false,
            "vtpm_enabled": false,
            "zone": ""
          },
          "sensitive_attributes": [
            [
              {
                "type": "get_attr",
                "value": "admin_password"
              }
            ],
            [
              {
                "type": "get_attr",
                "value": "custom_data"
              }
            ]
          ],
          "private": "eyJlMmJmYjczMC1lY2FhLTExZTYtOGY4OC0zNDM2M2JjN2M0YzAiOnsiY3JlYXRlIjoyNzAwMDAwMDAwMDAwLCJkZWxldGUiOjI3MDAwMDAwMDAwMDAsInJlYWQiOjMwMDAwMDAwMDAwMCwidXBkYXRlIjoyNzAwMDAwMDAwMDAwfX0=",
          "dependencies": [
            "azurerm_network_interface.nic_vm1",
            "azurerm_resource_group.rg",
            "azurerm_subnet.subnet",
            "azurerm_virtual_network.vnet"
          ]
        }
      ]
    },
    {
      "mode": "managed",
      "type": "azurerm_linux_virtual_machine",
      "name": "vm2",
      "provider": "provider[\"registry.terraform.io/hashicorp/azurerm\"]",
      "instances": [
        {
          "index_key": "production",
          "schema_version": 0,
          "attributes": {
            "additional_capabilities": [],
            "admin_password": null,
            "admin_ssh_key": [
              {
                "public_key": "ssh-rsa AAAAB3NzaC1yc2EAAAADAQABAAABgQDFJksVUK11omfykg4m5stIvl3TuxM5qczieYiAQSahgSFvI/Q330YZJY3lwt3LVknwWTv0mFYc7t38uJGpyA6R1gs41tzq+27EsJ5rXVkUfBJ0gZDtRNgcA9X6okYOtOxTF3unVw5fXTdtIdLuElW+4GKCI4jesdNlE2gpYTWnWB3qh3N5JPgGkGcrB/4buWJ/RZXg0F4MfzfKuflD03AB3RYufVaDQfJ2zeTc29ib0sVMJ7oaeznwaDYEsM6dV+e2KYpM0y/VP/yrnumKv44d8Rtm19t+6A9Gv14KHhJLAXnoFGGq2KW4xe2MCLLcuOnuW1RLTB/MxqmE/FxchJviwdQgEPC6lluKFNuCNaZy4kXTZvXKxFD1LyF9vHWK2w51VHKyh+ELWFa3+a8bN1Zi4Epqp/kKeRl2muZDjE+Oj+W1P9Qf8iKMVR3WHmv7dKrxki2dztbtxvOsZczJw328Am/8hqF51Y5nLDNpyyerlM4flsvLkNcaiU5zvpyigi0= imported-openssh-key",
                "username": "adminuser"
              }
            ],
            "admin_username": "adminuser",
            "allow_extension_operations": true,
            "availability_set_id": "",
            "boot_diagnostics": [],
            "bypass_platform_safety_checks_on_user_schedule_enabled": false,
            "capacity_reservation_group_id": "",
            "computer_name": "vm2-production",
            "custom_data": null,
            "dedicated_host_group_id": "",
            "dedicated_host_id": "",
            "disable_password_authentication": true,
            "disk_controller_type": "",
            "edge_zone": "",
            "encryption_at_host_enabled": false,
            "eviction_policy": "",
            "extensions_time_budget": "PT1H30M",
            "gallery_application": [],
            "id": "/subscriptions/cdff7639-90d6-4894-badd-0dfa21362313/resourceGroups/Clearbank_3/providers/Microsoft.Compute/virtualMachines/vm2-production",
            "identity": [],
            "license_type": "",
            "location": "uksouth",
            "max_bid_price": -1,
            "name": "vm2-production",
            "network_interface_ids": [
              "/subscriptions/cdff7639-90d6-4894-badd-0dfa21362313/resourceGroups/Clearbank_3/providers/Microsoft.Network/networkInterfaces/nic-production-vm2"
            ],
            "os_disk": [
              {
                "caching": "ReadWrite",
                "diff_disk_settings": [],
                "disk_encryption_set_id": "",
                "disk_size_gb": 30,
                "name": "vm2-production_disk1_bc60698dd5894bd2b22db86345f233d7",
                "secure_vm_disk_encryption_set_id": "",
                "security_encryption_type": "",
                "storage_account_type": "Standard_LRS",
                "write_accelerator_enabled": false
              }
            ],
            "os_image_notification": [],
            "patch_assessment_mode": "ImageDefault",
            "patch_mode": "ImageDefault",
            "plan": [],
            "platform_fault_domain": -1,
            "priority": "Regular",
            "private_ip_address": "10.0.1.5",
            "private_ip_addresses": [
              "10.0.1.5"
            ],
            "provision_vm_agent": true,
            "proximity_placement_group_id": "",
            "public_ip_address": "",
            "public_ip_addresses": [],
            "reboot_setting": "",
            "resource_group_name": "Clearbank_3",
            "secret": [],
            "secure_boot_enabled": false,
            "size": "Standard_B1s",
            "source_image_id": "",
            "source_image_reference": [
              {
                "offer": "UbuntuServer",
                "publisher": "Canonical",
                "sku": "18.04-LTS",
                "version": "latest"
              }
            ],
            "tags": null,
            "termination_notification": null,
            "timeouts": null,
            "user_data": "",
            "virtual_machine_id": "068f8673-488f-4de8-9400-b22d97e83b2b",
            "virtual_machine_scale_set_id": "",
            "vm_agent_platform_updates_enabled": false,
            "vtpm_enabled": false,
            "zone": ""
          },
          "sensitive_attributes": [
            [
              {
                "type": "get_attr",
                "value": "custom_data"
              }
            ],
            [
              {
                "type": "get_attr",
                "value": "admin_password"
              }
            ]
          ],
          "private": "eyJlMmJmYjczMC1lY2FhLTExZTYtOGY4OC0zNDM2M2JjN2M0YzAiOnsiY3JlYXRlIjoyNzAwMDAwMDAwMDAwLCJkZWxldGUiOjI3MDAwMDAwMDAwMDAsInJlYWQiOjMwMDAwMDAwMDAwMCwidXBkYXRlIjoyNzAwMDAwMDAwMDAwfX0=",
          "dependencies": [
            "azurerm_network_interface.nic_vm2",
            "azurerm_resource_group.rg",
            "azurerm_subnet.subnet",
            "azurerm_virtual_network.vnet"
          ]
        },
        {
          "index_key": "staging",
          "schema_version": 0,
          "attributes": {
            "additional_capabilities": [],
            "admin_password": null,
            "admin_ssh_key": [
              {
                "public_key": "ssh-rsa AAAAB3NzaC1yc2EAAAADAQABAAABgQDFJksVUK11omfykg4m5stIvl3TuxM5qczieYiAQSahgSFvI/Q330YZJY3lwt3LVknwWTv0mFYc7t38uJGpyA6R1gs41tzq+27EsJ5rXVkUfBJ0gZDtRNgcA9X6okYOtOxTF3unVw5fXTdtIdLuElW+4GKCI4jesdNlE2gpYTWnWB3qh3N5JPgGkGcrB/4buWJ/RZXg0F4MfzfKuflD03AB3RYufVaDQfJ2zeTc29ib0sVMJ7oaeznwaDYEsM6dV+e2KYpM0y/VP/yrnumKv44d8Rtm19t+6A9Gv14KHhJLAXnoFGGq2KW4xe2MCLLcuOnuW1RLTB/MxqmE/FxchJviwdQgEPC6lluKFNuCNaZy4kXTZvXKxFD1LyF9vHWK2w51VHKyh+ELWFa3+a8bN1Zi4Epqp/kKeRl2muZDjE+Oj+W1P9Qf8iKMVR3WHmv7dKrxki2dztbtxvOsZczJw328Am/8hqF51Y5nLDNpyyerlM4flsvLkNcaiU5zvpyigi0= imported-openssh-key",
                "username": "adminuser"
              }
            ],
            "admin_username": "adminuser",
            "allow_extension_operations": true,
            "availability_set_id": "",
            "boot_diagnostics": [],
            "bypass_platform_safety_checks_on_user_schedule_enabled": false,
            "capacity_reservation_group_id": "",
            "computer_name": "vm2-staging",
            "custom_data": null,
            "dedicated_host_group_id": "",
            "dedicated_host_id": "",
            "disable_password_authentication": true,
            "disk_controller_type": "",
            "edge_zone": "",
            "encryption_at_host_enabled": false,
            "eviction_policy": "",
            "extensions_time_budget": "PT1H30M",
            "gallery_application": [],
            "id": "/subscriptions/cdff7639-90d6-4894-badd-0dfa21362313/resourceGroups/Clearbank_2/providers/Microsoft.Compute/virtualMachines/vm2-staging",
            "identity": [],
            "license_type": "",
            "location": "uksouth",
            "max_bid_price": -1,
            "name": "vm2-staging",
            "network_interface_ids": [
              "/subscriptions/cdff7639-90d6-4894-badd-0dfa21362313/resourceGroups/Clearbank_2/providers/Microsoft.Network/networkInterfaces/nic-staging-vm2"
            ],
            "os_disk": [
              {
                "caching": "ReadWrite",
                "diff_disk_settings": [],
                "disk_encryption_set_id": "",
                "disk_size_gb": 30,
                "name": "vm2-staging_disk1_99794b7892574225b2b9171ca5b19fce",
                "secure_vm_disk_encryption_set_id": "",
                "security_encryption_type": "",
                "storage_account_type": "Standard_LRS",
                "write_accelerator_enabled": false
              }
            ],
            "os_image_notification": [],
            "patch_assessment_mode": "ImageDefault",
            "patch_mode": "ImageDefault",
            "plan": [],
            "platform_fault_domain": -1,
            "priority": "Regular",
            "private_ip_address": "10.0.1.4",
            "private_ip_addresses": [
              "10.0.1.4"
            ],
            "provision_vm_agent": true,
            "proximity_placement_group_id": "",
            "public_ip_address": "",
            "public_ip_addresses": [],
            "reboot_setting": "",
            "resource_group_name": "Clearbank_2",
            "secret": [],
            "secure_boot_enabled": false,
            "size": "Standard_B1s",
            "source_image_id": "",
            "source_image_reference": [
              {
                "offer": "UbuntuServer",
                "publisher": "Canonical",
                "sku": "18.04-LTS",
                "version": "latest"
              }
            ],
            "tags": null,
            "termination_notification": null,
            "timeouts": null,
            "user_data": "",
            "virtual_machine_id": "7aaf6abb-cb38-4efe-a838-f8ad1c8f3ad5",
            "virtual_machine_scale_set_id": "",
            "vm_agent_platform_updates_enabled": false,
            "vtpm_enabled": false,
            "zone": ""
          },
          "sensitive_attributes": [
            [
              {
                "type": "get_attr",
                "value": "custom_data"
              }
            ],
            [
              {
                "type": "get_attr",
                "value": "admin_password"
              }
            ]
          ],
          "private": "eyJlMmJmYjczMC1lY2FhLTExZTYtOGY4OC0zNDM2M2JjN2M0YzAiOnsiY3JlYXRlIjoyNzAwMDAwMDAwMDAwLCJkZWxldGUiOjI3MDAwMDAwMDAwMDAsInJlYWQiOjMwMDAwMDAwMDAwMCwidXBkYXRlIjoyNzAwMDAwMDAwMDAwfX0=",
          "dependencies": [
            "azurerm_network_interface.nic_vm2",
            "azurerm_resource_group.rg",
            "azurerm_subnet.subnet",
            "azurerm_virtual_network.vnet"
          ]
        },
        {
          "index_key": "test",
          "schema_version": 0,
          "attributes": {
            "additional_capabilities": [],
            "admin_password": null,
            "admin_ssh_key": [
              {
                "public_key": "ssh-rsa AAAAB3NzaC1yc2EAAAADAQABAAABgQDFJksVUK11omfykg4m5stIvl3TuxM5qczieYiAQSahgSFvI/Q330YZJY3lwt3LVknwWTv0mFYc7t38uJGpyA6R1gs41tzq+27EsJ5rXVkUfBJ0gZDtRNgcA9X6okYOtOxTF3unVw5fXTdtIdLuElW+4GKCI4jesdNlE2gpYTWnWB3qh3N5JPgGkGcrB/4buWJ/RZXg0F4MfzfKuflD03AB3RYufVaDQfJ2zeTc29ib0sVMJ7oaeznwaDYEsM6dV+e2KYpM0y/VP/yrnumKv44d8Rtm19t+6A9Gv14KHhJLAXnoFGGq2KW4xe2MCLLcuOnuW1RLTB/MxqmE/FxchJviwdQgEPC6lluKFNuCNaZy4kXTZvXKxFD1LyF9vHWK2w51VHKyh+ELWFa3+a8bN1Zi4Epqp/kKeRl2muZDjE+Oj+W1P9Qf8iKMVR3WHmv7dKrxki2dztbtxvOsZczJw328Am/8hqF51Y5nLDNpyyerlM4flsvLkNcaiU5zvpyigi0= imported-openssh-key",
                "username": "adminuser"
              }
            ],
            "admin_username": "adminuser",
            "allow_extension_operations": true,
            "availability_set_id": "",
            "boot_diagnostics": [],
            "bypass_platform_safety_checks_on_user_schedule_enabled": false,
            "capacity_reservation_group_id": "",
            "computer_name": "vm2-test",
            "custom_data": null,
            "dedicated_host_group_id": "",
            "dedicated_host_id": "",
            "disable_password_authentication": true,
            "disk_controller_type": "",
            "edge_zone": "",
            "encryption_at_host_enabled": false,
            "eviction_policy": "",
            "extensions_time_budget": "PT1H30M",
            "gallery_application": [],
            "id": "/subscriptions/cdff7639-90d6-4894-badd-0dfa21362313/resourceGroups/Clearbank_1/providers/Microsoft.Compute/virtualMachines/vm2-test",
            "identity": [],
            "license_type": "",
            "location": "uksouth",
            "max_bid_price": -1,
            "name": "vm2-test",
            "network_interface_ids": [
              "/subscriptions/cdff7639-90d6-4894-badd-0dfa21362313/resourceGroups/Clearbank_1/providers/Microsoft.Network/networkInterfaces/nic-test-vm2"
            ],
            "os_disk": [
              {
                "caching": "ReadWrite",
                "diff_disk_settings": [],
                "disk_encryption_set_id": "",
                "disk_size_gb": 30,
                "name": "vm2-test_disk1_04d906ecdd1d4f69845ad6381c8841db",
                "secure_vm_disk_encryption_set_id": "",
                "security_encryption_type": "",
                "storage_account_type": "Standard_LRS",
                "write_accelerator_enabled": false
              }
            ],
            "os_image_notification": [],
            "patch_assessment_mode": "ImageDefault",
            "patch_mode": "ImageDefault",
            "plan": [],
            "platform_fault_domain": -1,
            "priority": "Regular",
            "private_ip_address": "10.0.1.4",
            "private_ip_addresses": [
              "10.0.1.4"
            ],
            "provision_vm_agent": true,
            "proximity_placement_group_id": "",
            "public_ip_address": "",
            "public_ip_addresses": [],
            "reboot_setting": "",
            "resource_group_name": "Clearbank_1",
            "secret": [],
            "secure_boot_enabled": false,
            "size": "Standard_B1s",
            "source_image_id": "",
            "source_image_reference": [
              {
                "offer": "UbuntuServer",
                "publisher": "Canonical",
                "sku": "18.04-LTS",
                "version": "latest"
              }
            ],
            "tags": null,
            "termination_notification": null,
            "timeouts": null,
            "user_data": "",
            "virtual_machine_id": "8cb87448-05f9-47ee-ab13-d69f80e53bb6",
            "virtual_machine_scale_set_id": "",
            "vm_agent_platform_updates_enabled": false,
            "vtpm_enabled": false,
            "zone": ""
          },
          "sensitive_attributes": [
            [
              {
                "type": "get_attr",
                "value": "custom_data"
              }
            ],
            [
              {
                "type": "get_attr",
                "value": "admin_password"
              }
            ]
          ],
          "private": "eyJlMmJmYjczMC1lY2FhLTExZTYtOGY4OC0zNDM2M2JjN2M0YzAiOnsiY3JlYXRlIjoyNzAwMDAwMDAwMDAwLCJkZWxldGUiOjI3MDAwMDAwMDAwMDAsInJlYWQiOjMwMDAwMDAwMDAwMCwidXBkYXRlIjoyNzAwMDAwMDAwMDAwfX0=",
          "dependencies": [
            "azurerm_network_interface.nic_vm2",
            "azurerm_resource_group.rg",
            "azurerm_subnet.subnet",
            "azurerm_virtual_network.vnet"
          ]
        }
      ]
    },
    {
      "mode": "managed",
      "type": "azurerm_management_lock",
      "name": "vm_lock1",
      "provider": "provider[\"registry.terraform.io/hashicorp/azurerm\"]",
      "instances": [
        {
          "index_key": "production",
          "schema_version": 0,
          "attributes": {
            "id": "/subscriptions/cdff7639-90d6-4894-badd-0dfa21362313/resourceGroups/Clearbank_3/providers/Microsoft.Compute/virtualMachines/vm1-production/providers/Microsoft.Authorization/locks/lock-production-vm1",
            "lock_level": "CanNotDelete",
            "name": "lock-production-vm1",
            "notes": "Prevent accidental deletion of VM1",
            "scope": "/subscriptions/cdff7639-90d6-4894-badd-0dfa21362313/resourceGroups/Clearbank_3/providers/Microsoft.Compute/virtualMachines/vm1-production",
            "timeouts": null
          },
          "sensitive_attributes": [],
          "private": "eyJlMmJmYjczMC1lY2FhLTExZTYtOGY4OC0zNDM2M2JjN2M0YzAiOnsiY3JlYXRlIjoxODAwMDAwMDAwMDAwLCJkZWxldGUiOjE4MDAwMDAwMDAwMDAsInJlYWQiOjMwMDAwMDAwMDAwMH19",
          "dependencies": [
            "azurerm_linux_virtual_machine.vm1",
            "azurerm_network_interface.nic_vm1",
            "azurerm_resource_group.rg",
            "azurerm_subnet.subnet",
            "azurerm_virtual_network.vnet"
          ]
        },
        {
          "index_key": "staging",
          "schema_version": 0,
          "attributes": {
            "id": "/subscriptions/cdff7639-90d6-4894-badd-0dfa21362313/resourceGroups/Clearbank_2/providers/Microsoft.Compute/virtualMachines/vm1-staging/providers/Microsoft.Authorization/locks/lock-staging-vm1",
            "lock_level": "CanNotDelete",
            "name": "lock-staging-vm1",
            "notes": "Prevent accidental deletion of VM1",
            "scope": "/subscriptions/cdff7639-90d6-4894-badd-0dfa21362313/resourceGroups/Clearbank_2/providers/Microsoft.Compute/virtualMachines/vm1-staging",
            "timeouts": null
          },
          "sensitive_attributes": [],
          "private": "eyJlMmJmYjczMC1lY2FhLTExZTYtOGY4OC0zNDM2M2JjN2M0YzAiOnsiY3JlYXRlIjoxODAwMDAwMDAwMDAwLCJkZWxldGUiOjE4MDAwMDAwMDAwMDAsInJlYWQiOjMwMDAwMDAwMDAwMH19",
          "dependencies": [
            "azurerm_linux_virtual_machine.vm1",
            "azurerm_network_interface.nic_vm1",
            "azurerm_resource_group.rg",
            "azurerm_subnet.subnet",
            "azurerm_virtual_network.vnet"
          ]
        },
        {
          "index_key": "test",
          "schema_version": 0,
          "attributes": {
            "id": "/subscriptions/cdff7639-90d6-4894-badd-0dfa21362313/resourceGroups/Clearbank_1/providers/Microsoft.Compute/virtualMachines/vm1-test/providers/Microsoft.Authorization/locks/lock-test-vm1",
            "lock_level": "CanNotDelete",
            "name": "lock-test-vm1",
            "notes": "Prevent accidental deletion of VM1",
            "scope": "/subscriptions/cdff7639-90d6-4894-badd-0dfa21362313/resourceGroups/Clearbank_1/providers/Microsoft.Compute/virtualMachines/vm1-test",
            "timeouts": null
          },
          "sensitive_attributes": [],
          "private": "eyJlMmJmYjczMC1lY2FhLTExZTYtOGY4OC0zNDM2M2JjN2M0YzAiOnsiY3JlYXRlIjoxODAwMDAwMDAwMDAwLCJkZWxldGUiOjE4MDAwMDAwMDAwMDAsInJlYWQiOjMwMDAwMDAwMDAwMH19",
          "dependencies": [
            "azurerm_linux_virtual_machine.vm1",
            "azurerm_network_interface.nic_vm1",
            "azurerm_resource_group.rg",
            "azurerm_subnet.subnet",
            "azurerm_virtual_network.vnet"
          ]
        }
      ]
    },
    {
      "mode": "managed",
      "type": "azurerm_management_lock",
      "name": "vm_lock2",
      "provider": "provider[\"registry.terraform.io/hashicorp/azurerm\"]",
      "instances": [
        {
          "index_key": "production",
          "schema_version": 0,
          "attributes": {
            "id": "/subscriptions/cdff7639-90d6-4894-badd-0dfa21362313/resourceGroups/Clearbank_3/providers/Microsoft.Compute/virtualMachines/vm2-production/providers/Microsoft.Authorization/locks/lock-production-vm2",
            "lock_level": "CanNotDelete",
            "name": "lock-production-vm2",
            "notes": "Prevent accidental deletion of VM2",
            "scope": "/subscriptions/cdff7639-90d6-4894-badd-0dfa21362313/resourceGroups/Clearbank_3/providers/Microsoft.Compute/virtualMachines/vm2-production",
            "timeouts": null
          },
          "sensitive_attributes": [],
          "private": "eyJlMmJmYjczMC1lY2FhLTExZTYtOGY4OC0zNDM2M2JjN2M0YzAiOnsiY3JlYXRlIjoxODAwMDAwMDAwMDAwLCJkZWxldGUiOjE4MDAwMDAwMDAwMDAsInJlYWQiOjMwMDAwMDAwMDAwMH19",
          "dependencies": [
            "azurerm_linux_virtual_machine.vm2",
            "azurerm_network_interface.nic_vm2",
            "azurerm_resource_group.rg",
            "azurerm_subnet.subnet",
            "azurerm_virtual_network.vnet"
          ]
        },
        {
          "index_key": "staging",
          "schema_version": 0,
          "attributes": {
            "id": "/subscriptions/cdff7639-90d6-4894-badd-0dfa21362313/resourceGroups/Clearbank_2/providers/Microsoft.Compute/virtualMachines/vm2-staging/providers/Microsoft.Authorization/locks/lock-staging-vm2",
            "lock_level": "CanNotDelete",
            "name": "lock-staging-vm2",
            "notes": "Prevent accidental deletion of VM2",
            "scope": "/subscriptions/cdff7639-90d6-4894-badd-0dfa21362313/resourceGroups/Clearbank_2/providers/Microsoft.Compute/virtualMachines/vm2-staging",
            "timeouts": null
          },
          "sensitive_attributes": [],
          "private": "eyJlMmJmYjczMC1lY2FhLTExZTYtOGY4OC0zNDM2M2JjN2M0YzAiOnsiY3JlYXRlIjoxODAwMDAwMDAwMDAwLCJkZWxldGUiOjE4MDAwMDAwMDAwMDAsInJlYWQiOjMwMDAwMDAwMDAwMH19",
          "dependencies": [
            "azurerm_linux_virtual_machine.vm2",
            "azurerm_network_interface.nic_vm2",
            "azurerm_resource_group.rg",
            "azurerm_subnet.subnet",
            "azurerm_virtual_network.vnet"
          ]
        },
        {
          "index_key": "test",
          "schema_version": 0,
          "attributes": {
            "id": "/subscriptions/cdff7639-90d6-4894-badd-0dfa21362313/resourceGroups/Clearbank_1/providers/Microsoft.Compute/virtualMachines/vm2-test/providers/Microsoft.Authorization/locks/lock-test-vm2",
            "lock_level": "CanNotDelete",
            "name": "lock-test-vm2",
            "notes": "Prevent accidental deletion of VM2",
            "scope": "/subscriptions/cdff7639-90d6-4894-badd-0dfa21362313/resourceGroups/Clearbank_1/providers/Microsoft.Compute/virtualMachines/vm2-test",
            "timeouts": null
          },
          "sensitive_attributes": [],
          "private": "eyJlMmJmYjczMC1lY2FhLTExZTYtOGY4OC0zNDM2M2JjN2M0YzAiOnsiY3JlYXRlIjoxODAwMDAwMDAwMDAwLCJkZWxldGUiOjE4MDAwMDAwMDAwMDAsInJlYWQiOjMwMDAwMDAwMDAwMH19",
          "dependencies": [
            "azurerm_linux_virtual_machine.vm2",
            "azurerm_network_interface.nic_vm2",
            "azurerm_resource_group.rg",
            "azurerm_subnet.subnet",
            "azurerm_virtual_network.vnet"
          ]
        }
      ]
    },
    {
      "mode": "managed",
      "type": "azurerm_network_interface",
      "name": "nic_vm1",
      "provider": "provider[\"registry.terraform.io/hashicorp/azurerm\"]",
      "instances": [
        {
          "index_key": "production",
          "schema_version": 0,
          "attributes": {
            "applied_dns_servers": [],
            "auxiliary_mode": "",
            "auxiliary_sku": "",
            "dns_servers": [],
            "edge_zone": "",
            "enable_accelerated_networking": false,
            "enable_ip_forwarding": false,
            "id": "/subscriptions/cdff7639-90d6-4894-badd-0dfa21362313/resourceGroups/Clearbank_3/providers/Microsoft.Network/networkInterfaces/nic-production-vm1",
            "internal_dns_name_label": "",
            "internal_domain_name_suffix": "l5kkvmc3zjiexkwoccz0jyunff.zx.internal.cloudapp.net",
            "ip_configuration": [
              {
                "gateway_load_balancer_frontend_ip_configuration_id": "",
                "name": "internal",
                "primary": true,
                "private_ip_address": "10.0.1.4",
                "private_ip_address_allocation": "Dynamic",
                "private_ip_address_version": "IPv4",
                "public_ip_address_id": "",
                "subnet_id": "/subscriptions/cdff7639-90d6-4894-badd-0dfa21362313/resourceGroups/Clearbank_3/providers/Microsoft.Network/virtualNetworks/vnet-production/subnets/subnet-production"
              }
            ],
            "location": "uksouth",
            "mac_address": "",
            "name": "nic-production-vm1",
            "private_ip_address": "10.0.1.4",
            "private_ip_addresses": [
              "10.0.1.4"
            ],
            "resource_group_name": "Clearbank_3",
            "tags": null,
            "timeouts": null,
            "virtual_machine_id": ""
          },
          "sensitive_attributes": [],
          "private": "eyJlMmJmYjczMC1lY2FhLTExZTYtOGY4OC0zNDM2M2JjN2M0YzAiOnsiY3JlYXRlIjoxODAwMDAwMDAwMDAwLCJkZWxldGUiOjE4MDAwMDAwMDAwMDAsInJlYWQiOjMwMDAwMDAwMDAwMCwidXBkYXRlIjoxODAwMDAwMDAwMDAwfX0=",
          "dependencies": [
            "azurerm_resource_group.rg",
            "azurerm_subnet.subnet",
            "azurerm_virtual_network.vnet"
          ]
        },
        {
          "index_key": "staging",
          "schema_version": 0,
          "attributes": {
            "applied_dns_servers": [],
            "auxiliary_mode": "",
            "auxiliary_sku": "",
            "dns_servers": [],
            "edge_zone": "",
            "enable_accelerated_networking": false,
            "enable_ip_forwarding": false,
            "id": "/subscriptions/cdff7639-90d6-4894-badd-0dfa21362313/resourceGroups/Clearbank_2/providers/Microsoft.Network/networkInterfaces/nic-staging-vm1",
            "internal_dns_name_label": "",
            "internal_domain_name_suffix": "kyualjlkn2fuxpedw3e0mt4hag.zx.internal.cloudapp.net",
            "ip_configuration": [
              {
                "gateway_load_balancer_frontend_ip_configuration_id": "",
                "name": "internal",
                "primary": true,
                "private_ip_address": "10.0.1.5",
                "private_ip_address_allocation": "Dynamic",
                "private_ip_address_version": "IPv4",
                "public_ip_address_id": "",
                "subnet_id": "/subscriptions/cdff7639-90d6-4894-badd-0dfa21362313/resourceGroups/Clearbank_2/providers/Microsoft.Network/virtualNetworks/vnet-staging/subnets/subnet-staging"
              }
            ],
            "location": "uksouth",
            "mac_address": "",
            "name": "nic-staging-vm1",
            "private_ip_address": "10.0.1.5",
            "private_ip_addresses": [
              "10.0.1.5"
            ],
            "resource_group_name": "Clearbank_2",
            "tags": null,
            "timeouts": null,
            "virtual_machine_id": ""
          },
          "sensitive_attributes": [],
          "private": "eyJlMmJmYjczMC1lY2FhLTExZTYtOGY4OC0zNDM2M2JjN2M0YzAiOnsiY3JlYXRlIjoxODAwMDAwMDAwMDAwLCJkZWxldGUiOjE4MDAwMDAwMDAwMDAsInJlYWQiOjMwMDAwMDAwMDAwMCwidXBkYXRlIjoxODAwMDAwMDAwMDAwfX0=",
          "dependencies": [
            "azurerm_resource_group.rg",
            "azurerm_subnet.subnet",
            "azurerm_virtual_network.vnet"
          ]
        },
        {
          "index_key": "test",
          "schema_version": 0,
          "attributes": {
            "applied_dns_servers": [],
            "auxiliary_mode": "",
            "auxiliary_sku": "",
            "dns_servers": [],
            "edge_zone": "",
            "enable_accelerated_networking": false,
            "enable_ip_forwarding": false,
            "id": "/subscriptions/cdff7639-90d6-4894-badd-0dfa21362313/resourceGroups/Clearbank_1/providers/Microsoft.Network/networkInterfaces/nic-test-vm1",
            "internal_dns_name_label": "",
            "internal_domain_name_suffix": "s3jpocv3yp4efpp2zisjbddgle.zx.internal.cloudapp.net",
            "ip_configuration": [
              {
                "gateway_load_balancer_frontend_ip_configuration_id": "",
                "name": "internal",
                "primary": true,
                "private_ip_address": "10.0.1.5",
                "private_ip_address_allocation": "Dynamic",
                "private_ip_address_version": "IPv4",
                "public_ip_address_id": "",
                "subnet_id": "/subscriptions/cdff7639-90d6-4894-badd-0dfa21362313/resourceGroups/Clearbank_1/providers/Microsoft.Network/virtualNetworks/vnet-test/subnets/subnet-test"
              }
            ],
            "location": "uksouth",
            "mac_address": "",
            "name": "nic-test-vm1",
            "private_ip_address": "10.0.1.5",
            "private_ip_addresses": [
              "10.0.1.5"
            ],
            "resource_group_name": "Clearbank_1",
            "tags": null,
            "timeouts": null,
            "virtual_machine_id": ""
          },
          "sensitive_attributes": [],
          "private": "eyJlMmJmYjczMC1lY2FhLTExZTYtOGY4OC0zNDM2M2JjN2M0YzAiOnsiY3JlYXRlIjoxODAwMDAwMDAwMDAwLCJkZWxldGUiOjE4MDAwMDAwMDAwMDAsInJlYWQiOjMwMDAwMDAwMDAwMCwidXBkYXRlIjoxODAwMDAwMDAwMDAwfX0=",
          "dependencies": [
            "azurerm_resource_group.rg",
            "azurerm_subnet.subnet",
            "azurerm_virtual_network.vnet"
          ]
        }
      ]
    },
    {
      "mode": "managed",
      "type": "azurerm_network_interface",
      "name": "nic_vm2",
      "provider": "provider[\"registry.terraform.io/hashicorp/azurerm\"]",
      "instances": [
        {
          "index_key": "production",
          "schema_version": 0,
          "attributes": {
            "applied_dns_servers": [],
            "auxiliary_mode": "",
            "auxiliary_sku": "",
            "dns_servers": [],
            "edge_zone": "",
            "enable_accelerated_networking": false,
            "enable_ip_forwarding": false,
            "id": "/subscriptions/cdff7639-90d6-4894-badd-0dfa21362313/resourceGroups/Clearbank_3/providers/Microsoft.Network/networkInterfaces/nic-production-vm2",
            "internal_dns_name_label": "",
            "internal_domain_name_suffix": "l5kkvmc3zjiexkwoccz0jyunff.zx.internal.cloudapp.net",
            "ip_configuration": [
              {
                "gateway_load_balancer_frontend_ip_configuration_id": "",
                "name": "internal",
                "primary": true,
                "private_ip_address": "10.0.1.5",
                "private_ip_address_allocation": "Dynamic",
                "private_ip_address_version": "IPv4",
                "public_ip_address_id": "",
                "subnet_id": "/subscriptions/cdff7639-90d6-4894-badd-0dfa21362313/resourceGroups/Clearbank_3/providers/Microsoft.Network/virtualNetworks/vnet-production/subnets/subnet-production"
              }
            ],
            "location": "uksouth",
            "mac_address": "",
            "name": "nic-production-vm2",
            "private_ip_address": "10.0.1.5",
            "private_ip_addresses": [
              "10.0.1.5"
            ],
            "resource_group_name": "Clearbank_3",
            "tags": null,
            "timeouts": null,
            "virtual_machine_id": ""
          },
          "sensitive_attributes": [],
          "private": "eyJlMmJmYjczMC1lY2FhLTExZTYtOGY4OC0zNDM2M2JjN2M0YzAiOnsiY3JlYXRlIjoxODAwMDAwMDAwMDAwLCJkZWxldGUiOjE4MDAwMDAwMDAwMDAsInJlYWQiOjMwMDAwMDAwMDAwMCwidXBkYXRlIjoxODAwMDAwMDAwMDAwfX0=",
          "dependencies": [
            "azurerm_resource_group.rg",
            "azurerm_subnet.subnet",
            "azurerm_virtual_network.vnet"
          ]
        },
        {
          "index_key": "staging",
          "schema_version": 0,
          "attributes": {
            "applied_dns_servers": [],
            "auxiliary_mode": "",
            "auxiliary_sku": "",
            "dns_servers": [],
            "edge_zone": "",
            "enable_accelerated_networking": false,
            "enable_ip_forwarding": false,
            "id": "/subscriptions/cdff7639-90d6-4894-badd-0dfa21362313/resourceGroups/Clearbank_2/providers/Microsoft.Network/networkInterfaces/nic-staging-vm2",
            "internal_dns_name_label": "",
            "internal_domain_name_suffix": "kyualjlkn2fuxpedw3e0mt4hag.zx.internal.cloudapp.net",
            "ip_configuration": [
              {
                "gateway_load_balancer_frontend_ip_configuration_id": "",
                "name": "internal",
                "primary": true,
                "private_ip_address": "10.0.1.4",
                "private_ip_address_allocation": "Dynamic",
                "private_ip_address_version": "IPv4",
                "public_ip_address_id": "",
                "subnet_id": "/subscriptions/cdff7639-90d6-4894-badd-0dfa21362313/resourceGroups/Clearbank_2/providers/Microsoft.Network/virtualNetworks/vnet-staging/subnets/subnet-staging"
              }
            ],
            "location": "uksouth",
            "mac_address": "",
            "name": "nic-staging-vm2",
            "private_ip_address": "10.0.1.4",
            "private_ip_addresses": [
              "10.0.1.4"
            ],
            "resource_group_name": "Clearbank_2",
            "tags": null,
            "timeouts": null,
            "virtual_machine_id": ""
          },
          "sensitive_attributes": [],
          "private": "eyJlMmJmYjczMC1lY2FhLTExZTYtOGY4OC0zNDM2M2JjN2M0YzAiOnsiY3JlYXRlIjoxODAwMDAwMDAwMDAwLCJkZWxldGUiOjE4MDAwMDAwMDAwMDAsInJlYWQiOjMwMDAwMDAwMDAwMCwidXBkYXRlIjoxODAwMDAwMDAwMDAwfX0=",
          "dependencies": [
            "azurerm_resource_group.rg",
            "azurerm_subnet.subnet",
            "azurerm_virtual_network.vnet"
          ]
        },
        {
          "index_key": "test",
          "schema_version": 0,
          "attributes": {
            "applied_dns_servers": [],
            "auxiliary_mode": "",
            "auxiliary_sku": "",
            "dns_servers": [],
            "edge_zone": "",
            "enable_accelerated_networking": false,
            "enable_ip_forwarding": false,
            "id": "/subscriptions/cdff7639-90d6-4894-badd-0dfa21362313/resourceGroups/Clearbank_1/providers/Microsoft.Network/networkInterfaces/nic-test-vm2",
            "internal_dns_name_label": "",
            "internal_domain_name_suffix": "s3jpocv3yp4efpp2zisjbddgle.zx.internal.cloudapp.net",
            "ip_configuration": [
              {
                "gateway_load_balancer_frontend_ip_configuration_id": "",
                "name": "internal",
                "primary": true,
                "private_ip_address": "10.0.1.4",
                "private_ip_address_allocation": "Dynamic",
                "private_ip_address_version": "IPv4",
                "public_ip_address_id": "",
                "subnet_id": "/subscriptions/cdff7639-90d6-4894-badd-0dfa21362313/resourceGroups/Clearbank_1/providers/Microsoft.Network/virtualNetworks/vnet-test/subnets/subnet-test"
              }
            ],
            "location": "uksouth",
            "mac_address": "",
            "name": "nic-test-vm2",
            "private_ip_address": "10.0.1.4",
            "private_ip_addresses": [
              "10.0.1.4"
            ],
            "resource_group_name": "Clearbank_1",
            "tags": null,
            "timeouts": null,
            "virtual_machine_id": ""
          },
          "sensitive_attributes": [],
          "private": "eyJlMmJmYjczMC1lY2FhLTExZTYtOGY4OC0zNDM2M2JjN2M0YzAiOnsiY3JlYXRlIjoxODAwMDAwMDAwMDAwLCJkZWxldGUiOjE4MDAwMDAwMDAwMDAsInJlYWQiOjMwMDAwMDAwMDAwMCwidXBkYXRlIjoxODAwMDAwMDAwMDAwfX0=",
          "dependencies": [
            "azurerm_resource_group.rg",
            "azurerm_subnet.subnet",
            "azurerm_virtual_network.vnet"
          ]
        }
      ]
    },
    {
      "mode": "managed",
      "type": "azurerm_network_security_group",
      "name": "nsg",
      "provider": "provider[\"registry.terraform.io/hashicorp/azurerm\"]",
      "instances": [
        {
          "index_key": "production",
          "schema_version": 0,
          "attributes": {
            "id": "/subscriptions/cdff7639-90d6-4894-badd-0dfa21362313/resourceGroups/Clearbank_3/providers/Microsoft.Network/networkSecurityGroups/nsg-production",
            "location": "uksouth",
            "name": "nsg-production",
            "resource_group_name": "Clearbank_3",
            "security_rule": [
              {
                "access": "Allow",
                "description": "",
                "destination_address_prefix": "*",
                "destination_address_prefixes": [],
                "destination_application_security_group_ids": [],
                "destination_port_range": "22",
                "destination_port_ranges": [],
                "direction": "Inbound",
                "name": "SSH",
                "priority": 100,
                "protocol": "Tcp",
                "source_address_prefix": "*",
                "source_address_prefixes": [],
                "source_application_security_group_ids": [],
                "source_port_range": "*",
                "source_port_ranges": []
              },
              {
                "access": "Allow",
                "description": "",
                "destination_address_prefix": "Internet",
                "destination_address_prefixes": [],
                "destination_application_security_group_ids": [],
                "destination_port_range": "",
                "destination_port_ranges": [
                  "443",
                  "53",
                  "80"
                ],
                "direction": "Outbound",
                "name": "OutboundRules",
                "priority": 110,
                "protocol": "Tcp",
                "source_address_prefix": "*",
                "source_address_prefixes": [],
                "source_application_security_group_ids": [],
                "source_port_range": "*",
                "source_port_ranges": []
              }
            ],
            "tags": null,
            "timeouts": null
          },
          "sensitive_attributes": [],
          "private": "eyJlMmJmYjczMC1lY2FhLTExZTYtOGY4OC0zNDM2M2JjN2M0YzAiOnsiY3JlYXRlIjoxODAwMDAwMDAwMDAwLCJkZWxldGUiOjE4MDAwMDAwMDAwMDAsInJlYWQiOjMwMDAwMDAwMDAwMCwidXBkYXRlIjoxODAwMDAwMDAwMDAwfX0=",
          "dependencies": [
            "azurerm_resource_group.rg"
          ]
        },
        {
          "index_key": "staging",
          "schema_version": 0,
          "attributes": {
            "id": "/subscriptions/cdff7639-90d6-4894-badd-0dfa21362313/resourceGroups/Clearbank_2/providers/Microsoft.Network/networkSecurityGroups/nsg-staging",
            "location": "uksouth",
            "name": "nsg-staging",
            "resource_group_name": "Clearbank_2",
            "security_rule": [
              {
                "access": "Allow",
                "description": "",
                "destination_address_prefix": "*",
                "destination_address_prefixes": [],
                "destination_application_security_group_ids": [],
                "destination_port_range": "22",
                "destination_port_ranges": [],
                "direction": "Inbound",
                "name": "SSH",
                "priority": 100,
                "protocol": "Tcp",
                "source_address_prefix": "*",
                "source_address_prefixes": [],
                "source_application_security_group_ids": [],
                "source_port_range": "*",
                "source_port_ranges": []
              },
              {
                "access": "Allow",
                "description": "",
                "destination_address_prefix": "Internet",
                "destination_address_prefixes": [],
                "destination_application_security_group_ids": [],
                "destination_port_range": "",
                "destination_port_ranges": [
                  "443",
                  "53",
                  "80"
                ],
                "direction": "Outbound",
                "name": "OutboundRules",
                "priority": 110,
                "protocol": "Tcp",
                "source_address_prefix": "*",
                "source_address_prefixes": [],
                "source_application_security_group_ids": [],
                "source_port_range": "*",
                "source_port_ranges": []
              }
            ],
            "tags": null,
            "timeouts": null
          },
          "sensitive_attributes": [],
          "private": "eyJlMmJmYjczMC1lY2FhLTExZTYtOGY4OC0zNDM2M2JjN2M0YzAiOnsiY3JlYXRlIjoxODAwMDAwMDAwMDAwLCJkZWxldGUiOjE4MDAwMDAwMDAwMDAsInJlYWQiOjMwMDAwMDAwMDAwMCwidXBkYXRlIjoxODAwMDAwMDAwMDAwfX0=",
          "dependencies": [
            "azurerm_resource_group.rg"
          ]
        },
        {
          "index_key": "test",
          "schema_version": 0,
          "attributes": {
            "id": "/subscriptions/cdff7639-90d6-4894-badd-0dfa21362313/resourceGroups/Clearbank_1/providers/Microsoft.Network/networkSecurityGroups/nsg-test",
            "location": "uksouth",
            "name": "nsg-test",
            "resource_group_name": "Clearbank_1",
            "security_rule": [
              {
                "access": "Allow",
                "description": "",
                "destination_address_prefix": "*",
                "destination_address_prefixes": [],
                "destination_application_security_group_ids": [],
                "destination_port_range": "22",
                "destination_port_ranges": [],
                "direction": "Inbound",
                "name": "SSH",
                "priority": 100,
                "protocol": "Tcp",
                "source_address_prefix": "*",
                "source_address_prefixes": [],
                "source_application_security_group_ids": [],
                "source_port_range": "*",
                "source_port_ranges": []
              },
              {
                "access": "Allow",
                "description": "",
                "destination_address_prefix": "Internet",
                "destination_address_prefixes": [],
                "destination_application_security_group_ids": [],
                "destination_port_range": "",
                "destination_port_ranges": [
                  "443",
                  "53",
                  "80"
                ],
                "direction": "Outbound",
                "name": "OutboundRules",
                "priority": 110,
                "protocol": "Tcp",
                "source_address_prefix": "*",
                "source_address_prefixes": [],
                "source_application_security_group_ids": [],
                "source_port_range": "*",
                "source_port_ranges": []
              }
            ],
            "tags": null,
            "timeouts": null
          },
          "sensitive_attributes": [],
          "private": "eyJlMmJmYjczMC1lY2FhLTExZTYtOGY4OC0zNDM2M2JjN2M0YzAiOnsiY3JlYXRlIjoxODAwMDAwMDAwMDAwLCJkZWxldGUiOjE4MDAwMDAwMDAwMDAsInJlYWQiOjMwMDAwMDAwMDAwMCwidXBkYXRlIjoxODAwMDAwMDAwMDAwfX0=",
          "dependencies": [
            "azurerm_resource_group.rg"
          ]
        }
      ]
    },
    {
      "mode": "managed",
      "type": "azurerm_resource_group",
      "name": "rg",
      "provider": "provider[\"registry.terraform.io/hashicorp/azurerm\"]",
      "instances": [
        {
          "index_key": "production",
          "schema_version": 0,
          "attributes": {
            "id": "/subscriptions/cdff7639-90d6-4894-badd-0dfa21362313/resourceGroups/Clearbank_3",
            "location": "uksouth",
            "managed_by": "",
            "name": "Clearbank_3",
            "tags": null,
            "timeouts": null
          },
          "sensitive_attributes": [],
          "private": "eyJlMmJmYjczMC1lY2FhLTExZTYtOGY4OC0zNDM2M2JjN2M0YzAiOnsiY3JlYXRlIjo1NDAwMDAwMDAwMDAwLCJkZWxldGUiOjU0MDAwMDAwMDAwMDAsInJlYWQiOjMwMDAwMDAwMDAwMCwidXBkYXRlIjo1NDAwMDAwMDAwMDAwfX0="
        },
        {
          "index_key": "staging",
          "schema_version": 0,
          "attributes": {
            "id": "/subscriptions/cdff7639-90d6-4894-badd-0dfa21362313/resourceGroups/Clearbank_2",
            "location": "uksouth",
            "managed_by": "",
            "name": "Clearbank_2",
            "tags": null,
            "timeouts": null
          },
          "sensitive_attributes": [],
          "private": "eyJlMmJmYjczMC1lY2FhLTExZTYtOGY4OC0zNDM2M2JjN2M0YzAiOnsiY3JlYXRlIjo1NDAwMDAwMDAwMDAwLCJkZWxldGUiOjU0MDAwMDAwMDAwMDAsInJlYWQiOjMwMDAwMDAwMDAwMCwidXBkYXRlIjo1NDAwMDAwMDAwMDAwfX0="
        },
        {
          "index_key": "test",
          "schema_version": 0,
          "attributes": {
            "id": "/subscriptions/cdff7639-90d6-4894-badd-0dfa21362313/resourceGroups/Clearbank_1",
            "location": "uksouth",
            "managed_by": "",
            "name": "Clearbank_1",
            "tags": null,
            "timeouts": null
          },
          "sensitive_attributes": [],
          "private": "eyJlMmJmYjczMC1lY2FhLTExZTYtOGY4OC0zNDM2M2JjN2M0YzAiOnsiY3JlYXRlIjo1NDAwMDAwMDAwMDAwLCJkZWxldGUiOjU0MDAwMDAwMDAwMDAsInJlYWQiOjMwMDAwMDAwMDAwMCwidXBkYXRlIjo1NDAwMDAwMDAwMDAwfX0="
        }
      ]
    },
    {
      "mode": "managed",
      "type": "azurerm_subnet",
      "name": "subnet",
      "provider": "provider[\"registry.terraform.io/hashicorp/azurerm\"]",
      "instances": [
        {
          "index_key": "production",
          "schema_version": 0,
          "attributes": {
            "address_prefixes": [
              "10.0.1.0/24"
            ],
            "delegation": [],
            "enforce_private_link_endpoint_network_policies": false,
            "enforce_private_link_service_network_policies": false,
            "id": "/subscriptions/cdff7639-90d6-4894-badd-0dfa21362313/resourceGroups/Clearbank_3/providers/Microsoft.Network/virtualNetworks/vnet-production/subnets/subnet-production",
            "name": "subnet-production",
            "private_endpoint_network_policies": "Enabled",
            "private_endpoint_network_policies_enabled": true,
            "private_link_service_network_policies_enabled": true,
            "resource_group_name": "Clearbank_3",
            "service_endpoint_policy_ids": null,
            "service_endpoints": null,
            "timeouts": null,
            "virtual_network_name": "vnet-production"
          },
          "sensitive_attributes": [],
          "private": "eyJlMmJmYjczMC1lY2FhLTExZTYtOGY4OC0zNDM2M2JjN2M0YzAiOnsiY3JlYXRlIjoxODAwMDAwMDAwMDAwLCJkZWxldGUiOjE4MDAwMDAwMDAwMDAsInJlYWQiOjMwMDAwMDAwMDAwMCwidXBkYXRlIjoxODAwMDAwMDAwMDAwfX0=",
          "dependencies": [
            "azurerm_resource_group.rg",
            "azurerm_virtual_network.vnet"
          ]
        },
        {
          "index_key": "staging",
          "schema_version": 0,
          "attributes": {
            "address_prefixes": [
              "10.0.1.0/24"
            ],
            "delegation": [],
            "enforce_private_link_endpoint_network_policies": false,
            "enforce_private_link_service_network_policies": false,
            "id": "/subscriptions/cdff7639-90d6-4894-badd-0dfa21362313/resourceGroups/Clearbank_2/providers/Microsoft.Network/virtualNetworks/vnet-staging/subnets/subnet-staging",
            "name": "subnet-staging",
            "private_endpoint_network_policies": "Enabled",
            "private_endpoint_network_policies_enabled": true,
            "private_link_service_network_policies_enabled": true,
            "resource_group_name": "Clearbank_2",
            "service_endpoint_policy_ids": null,
            "service_endpoints": null,
            "timeouts": null,
            "virtual_network_name": "vnet-staging"
          },
          "sensitive_attributes": [],
          "private": "eyJlMmJmYjczMC1lY2FhLTExZTYtOGY4OC0zNDM2M2JjN2M0YzAiOnsiY3JlYXRlIjoxODAwMDAwMDAwMDAwLCJkZWxldGUiOjE4MDAwMDAwMDAwMDAsInJlYWQiOjMwMDAwMDAwMDAwMCwidXBkYXRlIjoxODAwMDAwMDAwMDAwfX0=",
          "dependencies": [
            "azurerm_resource_group.rg",
            "azurerm_virtual_network.vnet"
          ]
        },
        {
          "index_key": "test",
          "schema_version": 0,
          "attributes": {
            "address_prefixes": [
              "10.0.1.0/24"
            ],
            "delegation": [],
            "enforce_private_link_endpoint_network_policies": false,
            "enforce_private_link_service_network_policies": false,
            "id": "/subscriptions/cdff7639-90d6-4894-badd-0dfa21362313/resourceGroups/Clearbank_1/providers/Microsoft.Network/virtualNetworks/vnet-test/subnets/subnet-test",
            "name": "subnet-test",
            "private_endpoint_network_policies": "Enabled",
            "private_endpoint_network_policies_enabled": true,
            "private_link_service_network_policies_enabled": true,
            "resource_group_name": "Clearbank_1",
            "service_endpoint_policy_ids": null,
            "service_endpoints": null,
            "timeouts": null,
            "virtual_network_name": "vnet-test"
          },
          "sensitive_attributes": [],
          "private": "eyJlMmJmYjczMC1lY2FhLTExZTYtOGY4OC0zNDM2M2JjN2M0YzAiOnsiY3JlYXRlIjoxODAwMDAwMDAwMDAwLCJkZWxldGUiOjE4MDAwMDAwMDAwMDAsInJlYWQiOjMwMDAwMDAwMDAwMCwidXBkYXRlIjoxODAwMDAwMDAwMDAwfX0=",
          "dependencies": [
            "azurerm_resource_group.rg",
            "azurerm_virtual_network.vnet"
          ]
        }
      ]
    },
    {
      "mode": "managed",
      "type": "azurerm_virtual_network",
      "name": "vnet",
      "provider": "provider[\"registry.terraform.io/hashicorp/azurerm\"]",
      "instances": [
        {
          "index_key": "production",
          "schema_version": 0,
          "attributes": {
            "address_space": [
              "10.0.0.0/16"
            ],
            "bgp_community": "",
            "ddos_protection_plan": [],
            "dns_servers": [],
            "edge_zone": "",
            "encryption": [],
            "flow_timeout_in_minutes": 0,
            "guid": "b0aad45f-ca5d-4b50-aace-10b3a4e28d2d",
            "id": "/subscriptions/cdff7639-90d6-4894-badd-0dfa21362313/resourceGroups/Clearbank_3/providers/Microsoft.Network/virtualNetworks/vnet-production",
            "location": "uksouth",
            "name": "vnet-production",
            "resource_group_name": "Clearbank_3",
            "subnet": [],
            "tags": null,
            "timeouts": null
          },
          "sensitive_attributes": [],
          "private": "eyJlMmJmYjczMC1lY2FhLTExZTYtOGY4OC0zNDM2M2JjN2M0YzAiOnsiY3JlYXRlIjoxODAwMDAwMDAwMDAwLCJkZWxldGUiOjE4MDAwMDAwMDAwMDAsInJlYWQiOjMwMDAwMDAwMDAwMCwidXBkYXRlIjoxODAwMDAwMDAwMDAwfX0=",
          "dependencies": [
            "azurerm_resource_group.rg"
          ]
        },
        {
          "index_key": "staging",
          "schema_version": 0,
          "attributes": {
            "address_space": [
              "10.0.0.0/16"
            ],
            "bgp_community": "",
            "ddos_protection_plan": [],
            "dns_servers": [],
            "edge_zone": "",
            "encryption": [],
            "flow_timeout_in_minutes": 0,
            "guid": "a5052856-6f6a-4b0b-bc83-b749a64fc706",
            "id": "/subscriptions/cdff7639-90d6-4894-badd-0dfa21362313/resourceGroups/Clearbank_2/providers/Microsoft.Network/virtualNetworks/vnet-staging",
            "location": "uksouth",
            "name": "vnet-staging",
            "resource_group_name": "Clearbank_2",
            "subnet": [],
            "tags": null,
            "timeouts": null
          },
          "sensitive_attributes": [],
          "private": "eyJlMmJmYjczMC1lY2FhLTExZTYtOGY4OC0zNDM2M2JjN2M0YzAiOnsiY3JlYXRlIjoxODAwMDAwMDAwMDAwLCJkZWxldGUiOjE4MDAwMDAwMDAwMDAsInJlYWQiOjMwMDAwMDAwMDAwMCwidXBkYXRlIjoxODAwMDAwMDAwMDAwfX0=",
          "dependencies": [
            "azurerm_resource_group.rg"
          ]
        },
        {
          "index_key": "test",
          "schema_version": 0,
          "attributes": {
            "address_space": [
              "10.0.0.0/16"
            ],
            "bgp_community": "",
            "ddos_protection_plan": [],
            "dns_servers": [],
            "edge_zone": "",
            "encryption": [],
            "flow_timeout_in_minutes": 0,
            "guid": "0af75297-c3bd-42fc-bdfc-ca24908c665c",
            "id": "/subscriptions/cdff7639-90d6-4894-badd-0dfa21362313/resourceGroups/Clearbank_1/providers/Microsoft.Network/virtualNetworks/vnet-test",
            "location": "uksouth",
            "name": "vnet-test",
            "resource_group_name": "Clearbank_1",
            "subnet": [],
            "tags": null,
            "timeouts": null
          },
          "sensitive_attributes": [],
          "private": "eyJlMmJmYjczMC1lY2FhLTExZTYtOGY4OC0zNDM2M2JjN2M0YzAiOnsiY3JlYXRlIjoxODAwMDAwMDAwMDAwLCJkZWxldGUiOjE4MDAwMDAwMDAwMDAsInJlYWQiOjMwMDAwMDAwMDAwMCwidXBkYXRlIjoxODAwMDAwMDAwMDAwfX0=",
          "dependencies": [
            "azurerm_resource_group.rg"
          ]
        }
      ]
    }
  ],
  "check_results": null
}
